github.com/hitbros/pflag v1.0.6-0.20241008214623-0d6423123106 h1:5AgjwuLGa5wjHVSLnUWq1ctHvTFmnIl3wieiLDdqUDs=
github.com/hitbros/pflag v1.0.6-0.20241008214623-0d6423123106/go.mod h1:2E2XTJ+Jx82I5LkxXGZ0kKCbJWov2K47jWUzwOZqI2c=
golang.org/x/sys v0.42.0 h1:omrd2nAlyT5ESRdCLYdm3+fMfNFE/+Rf4bDIQImRJeo=
golang.org/x/sys v0.42.0/go.mod h1:4GL1E5IUh+htKOUEOaiffhrAeqysfVGipDYzABqnCmw=
